
Microsoft Visual Studio Solution File, Format Version 12.00
# Visual Studio Version 17
VisualStudioVersion = 17.4.33213.308
MinimumVisualStudioVersion = 10.0.40219.1
Project("{FAE04EC0-301F-11D3-BF4B-00C04F79EFBC}") = "2023-05-23 Kutyak programozasi feladat", "2023-05-23 Kutyak programozasi feladat\2023-05-23 Kutyak programozasi feladat.csproj", "{4AF78982-DF4B-4641-9B6B-FB2A2298F8E8}"
EndProject
Global
	GlobalSection(SolutionConfigurationPlatforms) = preSolution
		Debug|Any CPU = Debug|Any CPU
		Release|Any CPU = Release|Any CPU
	EndGlobalSection
	GlobalSection(ProjectConfigurationPlatforms) = postSolution
		{4AF78982-DF4B-4641-9B6B-FB2A2298F8E8}.Debug|Any CPU.ActiveCfg = Debug|Any CPU
		{4AF78982-DF4B-4641-9B6B-FB2A2298F8E8}.Debug|Any CPU.Build.0 = Debug|Any CPU
		{4AF78982-DF4B-4641-9B6B-FB2A2298F8E8}.Release|Any CPU.ActiveCfg = Release|Any CPU
		{4AF78982-DF4B-4641-9B6B-FB2A2298F8E8}.Release|Any CPU.Build.0 = Release|Any CPU
	EndGlobalSection
	GlobalSection(SolutionProperties) = preSolution
		HideSolutionNode = FALSE
	EndGlobalSection
	GlobalSection(ExtensibilityGlobals) = postSolution
		SolutionGuid = {67070070-5C22-4780-93C2-3D26F3CB3E42}
	EndGlobalSection
EndGlobal
